
Microsoft Visual Studio Solution File, Format Version 12.00
# Visual Studio 15
VisualStudioVersion = 15.0.26730.16
MinimumVisualStudioVersion = 10.0.40219.1
Project("{E24C65DC-7377-472B-9ABA-BC803B73C61A}") = "WebProject", "WebProject\", "{BE8B07AE-D9F2-4D15-9CE9-9BD2682B7DA5}"
	ProjectSection(WebsiteProperties) = preProject
		TargetFrameworkMoniker = ".NETFramework,Version%3Dv4.5"
		Debug.AspNetCompiler.VirtualPath = "/localhost_50360"
		Debug.AspNetCompiler.PhysicalPath = "WebProject\"
		Debug.AspNetCompiler.TargetPath = "PrecompiledWeb\localhost_50360\"
		Debug.AspNetCompiler.Updateable = "true"
		Debug.AspNetCompiler.ForceOverwrite = "true"
		Debug.AspNetCompiler.FixedNames = "false"
		Debug.AspNetCompiler.Debug = "True"
		Release.AspNetCompiler.VirtualPath = "/localhost_50360"
		Release.AspNetCompiler.PhysicalPath = "WebProject\"
		Release.AspNetCompiler.TargetPath = "PrecompiledWeb\localhost_50360\"
		Release.AspNetCompiler.Updateable = "true"
		Release.AspNetCompiler.ForceOverwrite = "true"
		Release.AspNetCompiler.FixedNames = "false"
		Release.AspNetCompiler.Debug = "False"
		VWDPort = "50360"
		SlnRelativePath = "WebProject\"
		DefaultWebSiteLanguage = "Visual C#"
	EndProjectSection
EndProject
Project("{2150E333-8FDC-42A3-9474-1A3956D46DE8}") = "Solution Items", "Solution Items", "{9FFF9DCB-A3F6-455D-BCF9-5B3CC31826FB}"
	ProjectSection(SolutionItems) = preProject
		README.md = README.md
	EndProjectSection
EndProject
Global
	GlobalSection(SolutionConfigurationPlatforms) = preSolution
		Debug|Any CPU = Debug|Any CPU
	EndGlobalSection
	GlobalSection(ProjectConfigurationPlatforms) = postSolution
		{BE8B07AE-D9F2-4D15-9CE9-9BD2682B7DA5}.Debug|Any CPU.ActiveCfg = Debug|Any CPU
		{BE8B07AE-D9F2-4D15-9CE9-9BD2682B7DA5}.Debug|Any CPU.Build.0 = Debug|Any CPU
	EndGlobalSection
	GlobalSection(SolutionProperties) = preSolution
		HideSolutionNode = FALSE
	EndGlobalSection
	GlobalSection(ExtensibilityGlobals) = postSolution
		SolutionGuid = {99BA6509-2035-490F-96E8-24C6C29A7850}
	EndGlobalSection
EndGlobal
